
Microsoft Visual Studio Solution File, Format Version 12.00
# Visual Studio Version 16
VisualStudioVersion = 16.0.31424.327
MinimumVisualStudioVersion = 10.0.40219.1
Project("{FAE04EC0-301F-11D3-BF4B-00C04F79EFBC}") = "SQLiteDatabaseExample", "SQLiteDatabaseExample\SQLiteDatabaseExample.csproj", "{CCDDB471-9118-476F-A6DC-F733B37C3A82}"
EndProject
Project("{FAE04EC0-301F-11D3-BF4B-00C04F79EFBC}") = "UnitTests", "UnitTests\UnitTests.csproj", "{C28BEC74-7EFA-4046-9F9C-ADCC4326D276}"
EndProject
Global
	GlobalSection(SolutionConfigurationPlatforms) = preSolution
		Debug|Any CPU = Debug|Any CPU
		Release|Any CPU = Release|Any CPU
	EndGlobalSection
	GlobalSection(ProjectConfigurationPlatforms) = postSolution
		{CCDDB471-9118-476F-A6DC-F733B37C3A82}.Debug|Any CPU.ActiveCfg = Debug|Any CPU
		{CCDDB471-9118-476F-A6DC-F733B37C3A82}.Debug|Any CPU.Build.0 = Debug|Any CPU
		{CCDDB471-9118-476F-A6DC-F733B37C3A82}.Release|Any CPU.ActiveCfg = Release|Any CPU
		{CCDDB471-9118-476F-A6DC-F733B37C3A82}.Release|Any CPU.Build.0 = Release|Any CPU
		{C28BEC74-7EFA-4046-9F9C-ADCC4326D276}.Debug|Any CPU.ActiveCfg = Debug|Any CPU
		{C28BEC74-7EFA-4046-9F9C-ADCC4326D276}.Debug|Any CPU.Build.0 = Debug|Any CPU
		{C28BEC74-7EFA-4046-9F9C-ADCC4326D276}.Release|Any CPU.ActiveCfg = Release|Any CPU
		{C28BEC74-7EFA-4046-9F9C-ADCC4326D276}.Release|Any CPU.Build.0 = Release|Any CPU
	EndGlobalSection
	GlobalSection(SolutionProperties) = preSolution
		HideSolutionNode = FALSE
	EndGlobalSection
	GlobalSection(ExtensibilityGlobals) = postSolution
		SolutionGuid = {938721C9-C0EC-4464-BD51-58FB336CF07A}
	EndGlobalSection
EndGlobal
